
Microsoft Visual Studio Solution File, Format Version 12.00
# Visual Studio 14
VisualStudioVersion = 14.0.25420.1
MinimumVisualStudioVersion = 10.0.40219.1
Project("{FAE04EC0-301F-11D3-BF4B-00C04F79EFBC}") = "Netflix Gift Checker", "Netflix Gift Checker\Netflix Gift Checker.csproj", "{D6504BE7-5E64-4B05-95FE-09501A980708}"
EndProject
Global
	GlobalSection(SolutionConfigurationPlatforms) = preSolution
		Debug|Any CPU = Debug|Any CPU
		Release|Any CPU = Release|Any CPU
	EndGlobalSection
	GlobalSection(ProjectConfigurationPlatforms) = postSolution
		{D6504BE7-5E64-4B05-95FE-09501A980708}.Debug|Any CPU.ActiveCfg = Debug|Any CPU
		{D6504BE7-5E64-4B05-95FE-09501A980708}.Debug|Any CPU.Build.0 = Debug|Any CPU
		{D6504BE7-5E64-4B05-95FE-09501A980708}.Release|Any CPU.ActiveCfg = Release|Any CPU
		{D6504BE7-5E64-4B05-95FE-09501A980708}.Release|Any CPU.Build.0 = Release|Any CPU
	EndGlobalSection
	GlobalSection(SolutionProperties) = preSolution
		HideSolutionNode = FALSE
	EndGlobalSection
EndGlobal
